dependencies:
- name: memcached
  repository: https://charts.bitnami.com/bitnami
  version: 6.0.7
- name: memcached
  repository: https://charts.bitnami.com/bitnami
  version: 6.0.7
- name: memcached
  repository: https://charts.bitnami.com/bitnami
  version: 6.0.7
- name: memcached
  repository: https://charts.bitnami.com/bitnami
  version: 6.0.7
- name: memcached
  repository: https://charts.bitnami.com/bitnami
  version: 6.0.7
- name: memcached
  repository: https://charts.bitnami.com/bitnami
  version: 6.0.7
- name: memcached
  repository: https://charts.bitnami.com/bitnami
  version: 6.0.7
digest: sha256:0f434eb19f52c50c7f9be18588a4f122a07ef001789111ac075f189b047eee13
generated: "2022-03-17T13:27:14.679937279Z"
